
Microsoft Visual Studio Solution File, Format Version 12.00
# Visual Studio Version 17
VisualStudioVersion = 17.9.34728.123
MinimumVisualStudioVersion = 10.0.40219.1
Project("{FAE04EC0-301F-11D3-BF4B-00C04F79EFBC}") = "AppFacturacion2024", "AppFacturacion2024\AppFacturacion2024.csproj", "{F86BD4A5-6B4C-44C2-85BD-7C3496E2DE92}"
EndProject
Global
	GlobalSection(SolutionConfigurationPlatforms) = preSolution
		Debug|Any CPU = Debug|Any CPU
		Release|Any CPU = Release|Any CPU
	EndGlobalSection
	GlobalSection(ProjectConfigurationPlatforms) = postSolution
		{F86BD4A5-6B4C-44C2-85BD-7C3496E2DE92}.Debug|Any CPU.ActiveCfg = Debug|Any CPU
		{F86BD4A5-6B4C-44C2-85BD-7C3496E2DE92}.Debug|Any CPU.Build.0 = Debug|Any CPU
		{F86BD4A5-6B4C-44C2-85BD-7C3496E2DE92}.Release|Any CPU.ActiveCfg = Release|Any CPU
		{F86BD4A5-6B4C-44C2-85BD-7C3496E2DE92}.Release|Any CPU.Build.0 = Release|Any CPU
	EndGlobalSection
	GlobalSection(SolutionProperties) = preSolution
		HideSolutionNode = FALSE
	EndGlobalSection
	GlobalSection(ExtensibilityGlobals) = postSolution
		SolutionGuid = {5BD264E3-8F25-4E32-82BF-2C32E70C7238}
	EndGlobalSection
EndGlobal
